
Microsoft Visual Studio Solution File, Format Version 12.00
# Visual Studio Version 17
VisualStudioVersion = 17.2.32616.157
MinimumVisualStudioVersion = 10.0.40219.1
Project("{FAE04EC0-301F-11D3-BF4B-00C04F79EFBC}") = "ex02", "ex02\ex02.csproj", "{C9FBC445-9A22-4ED8-BF87-2B249921EE46}"
EndProject
Global
	GlobalSection(SolutionConfigurationPlatforms) = preSolution
		Debug|Any CPU = Debug|Any CPU
		Release|Any CPU = Release|Any CPU
	EndGlobalSection
	GlobalSection(ProjectConfigurationPlatforms) = postSolution
		{C9FBC445-9A22-4ED8-BF87-2B249921EE46}.Debug|Any CPU.ActiveCfg = Debug|Any CPU
		{C9FBC445-9A22-4ED8-BF87-2B249921EE46}.Debug|Any CPU.Build.0 = Debug|Any CPU
		{C9FBC445-9A22-4ED8-BF87-2B249921EE46}.Release|Any CPU.ActiveCfg = Release|Any CPU
		{C9FBC445-9A22-4ED8-BF87-2B249921EE46}.Release|Any CPU.Build.0 = Release|Any CPU
	EndGlobalSection
	GlobalSection(SolutionProperties) = preSolution
		HideSolutionNode = FALSE
	EndGlobalSection
	GlobalSection(ExtensibilityGlobals) = postSolution
		SolutionGuid = {17CF90FC-BFB0-486A-AD62-D3094DDF548F}
	EndGlobalSection
EndGlobal
