
Microsoft Visual Studio Solution File, Format Version 12.00
# Visual Studio Version 17
VisualStudioVersion = 17.2.32616.157
MinimumVisualStudioVersion = 10.0.40219.1
Project("{FAE04EC0-301F-11D3-BF4B-00C04F79EFBC}") = "ex01", "ex01\ex01.csproj", "{51BBF53B-9229-49D8-B9D5-3D7D2C4A6FFA}"
EndProject
Global
	GlobalSection(SolutionConfigurationPlatforms) = preSolution
		Debug|Any CPU = Debug|Any CPU
		Release|Any CPU = Release|Any CPU
	EndGlobalSection
	GlobalSection(ProjectConfigurationPlatforms) = postSolution
		{51BBF53B-9229-49D8-B9D5-3D7D2C4A6FFA}.Debug|Any CPU.ActiveCfg = Debug|Any CPU
		{51BBF53B-9229-49D8-B9D5-3D7D2C4A6FFA}.Debug|Any CPU.Build.0 = Debug|Any CPU
		{51BBF53B-9229-49D8-B9D5-3D7D2C4A6FFA}.Release|Any CPU.ActiveCfg = Release|Any CPU
		{51BBF53B-9229-49D8-B9D5-3D7D2C4A6FFA}.Release|Any CPU.Build.0 = Release|Any CPU
	EndGlobalSection
	GlobalSection(SolutionProperties) = preSolution
		HideSolutionNode = FALSE
	EndGlobalSection
	GlobalSection(ExtensibilityGlobals) = postSolution
		SolutionGuid = {14E0C3BB-29A9-444B-B8EE-ED29737AC9FA}
	EndGlobalSection
EndGlobal
